// !$*UTF8*$!
{
	archiveVersion = 1;
	classes = {
	};
	objectVersion = 50;
	objects = {

/* Begin PBXBuildFile section */
		6D2D5D2085CD371E3F622467 /* Pods_AgaveUITests.framework in Frameworks */ = {isa = PBXBuildFile; fileRef = 56E62BFC61254A8FBE8DC805 /* Pods_AgaveUITests.framework */; };
		816A23457CED70354D38CF8C /* Pods_AgaveTests.framework in Frameworks */ = {isa = PBXBuildFile; fileRef = 01EC71EEBA426AC8936C3824 /* Pods_AgaveTests.framework */; };
		99B87E2321727D7400DA9E51 /* AppDelegate.swift in Sources */ = {isa = PBXBuildFile; fileRef = 99B87E2221727D7400DA9E51 /* AppDelegate.swift */; };
		99B87E2521727D7400DA9E51 /* ViewController.swift in Sources */ = {isa = PBXBuildFile; fileRef = 99B87E2421727D7400DA9E51 /* ViewController.swift */; };
		99B87E2821727D7400DA9E51 /* Main.storyboard in Resources */ = {isa = PBXBuildFile; fileRef = 99B87E2621727D7400DA9E51 /* Main.storyboard */; };
		99B87E2B21727D7400DA9E51 /* Agave.xcdatamodeld in Sources */ = {isa = PBXBuildFile; fileRef = 99B87E2921727D7400DA9E51 /* Agave.xcdatamodeld */; };
		99B87E2D21727D7600DA9E51 /* Assets.xcassets in Resources */ = {isa = PBXBuildFile; fileRef = 99B87E2C21727D7600DA9E51 /* Assets.xcassets */; };
		99B87E3021727D7600DA9E51 /* LaunchScreen.storyboard in Resources */ = {isa = PBXBuildFile; fileRef = 99B87E2E21727D7600DA9E51 /* LaunchScreen.storyboard */; };
		99B87E3B21727D7600DA9E51 /* AgaveTests.swift in Sources */ = {isa = PBXBuildFile; fileRef = 99B87E3A21727D7600DA9E51 /* AgaveTests.swift */; };
		99B87E4621727D7600DA9E51 /* AgaveUITests.swift in Sources */ = {isa = PBXBuildFile; fileRef = 99B87E4521727D7600DA9E51 /* AgaveUITests.swift */; };
		99B87E562172806500DA9E51 /* Podfile in Resources */ = {isa = PBXBuildFile; fileRef = 99B87E552172806500DA9E51 /* Podfile */; };
		99B87E58217285A300DA9E51 /* FindPodcastsViewController.swift in Sources */ = {isa = PBXBuildFile; fileRef = 99B87E57217285A300DA9E51 /* FindPodcastsViewController.swift */; };
		99B87E5D2172864400DA9E51 /* Podcast.swift in Sources */ = {isa = PBXBuildFile; fileRef = 99B87E5A2172864400DA9E51 /* Podcast.swift */; };
		99B87E5E2172864400DA9E51 /* Episode.swift in Sources */ = {isa = PBXBuildFile; fileRef = 99B87E5B2172864400DA9E51 /* Episode.swift */; };
		99B87E5F2172864400DA9E51 /* User.swift in Sources */ = {isa = PBXBuildFile; fileRef = 99B87E5C2172864400DA9E51 /* User.swift */; };
		99B87E6121728A4100DA9E51 /* LoginViewController.swift in Sources */ = {isa = PBXBuildFile; fileRef = 99B87E6021728A4100DA9E51 /* LoginViewController.swift */; };
		99B87E6421728FDB00DA9E51 /* MainNavigationController.swift in Sources */ = {isa = PBXBuildFile; fileRef = 99B87E6221728FDB00DA9E51 /* MainNavigationController.swift */; };
		99B87E6521728FDB00DA9E51 /* MainTabBarViewController.swift in Sources */ = {isa = PBXBuildFile; fileRef = 99B87E6321728FDB00DA9E51 /* MainTabBarViewController.swift */; };
		99B87E672172A61400DA9E51 /* GoogleService-Info.plist in Resources */ = {isa = PBXBuildFile; fileRef = 99B87E662172A61400DA9E51 /* GoogleService-Info.plist */; };
		CF9E5AF137A9FE269449A560 /* Pods_Agave.framework in Frameworks */ = {isa = PBXBuildFile; fileRef = 488B2C213CB481B90A8CAC44 /* Pods_Agave.framework */; };
/* End PBXBuildFile section */

/* Begin PBXContainerItemProxy section */
		99B87E3721727D7600DA9E51 /* PBXContainerItemProxy */ = {
			isa = PBXContainerItemProxy;
			containerPortal = 99B87E1721727D7300DA9E51 /* Project object */;
			proxyType = 1;
			remoteGlobalIDString = 99B87E1E21727D7300DA9E51;
			remoteInfo = Agave;
		};
		99B87E4221727D7600DA9E51 /* PBXContainerItemProxy */ = {
			isa = PBXContainerItemProxy;
			containerPortal = 99B87E1721727D7300DA9E51 /* Project object */;
			proxyType = 1;
			remoteGlobalIDString = 99B87E1E21727D7300DA9E51;
			remoteInfo = Agave;
		};
/* End PBXContainerItemProxy section */

/* Begin PBXFileReference section */
		01EC71EEBA426AC8936C3824 /* Pods_AgaveTests.framework */ = {isa = PBXFileReference; explicitFileType = wrapper.framework; includeInIndex = 0; path = Pods_AgaveTests.framework; sourceTree = BUILT_PRODUCTS_DIR; };
		351EAC93BB74612CAFC0FD82 /* Pods-Agave.release.xcconfig */ = {isa = PBXFileReference; includeInIndex = 1; lastKnownFileType = text.xcconfig; name = "Pods-Agave.release.xcconfig"; path = "Pods/Target Support Files/Pods-Agave/Pods-Agave.release.xcconfig"; sourceTree = "<group>"; };
		488B2C213CB481B90A8CAC44 /* Pods_Agave.framework */ = {isa = PBXFileReference; explicitFileType = wrapper.framework; includeInIndex = 0; path = Pods_Agave.framework; sourceTree = BUILT_PRODUCTS_DIR; };
		56E62BFC61254A8FBE8DC805 /* Pods_AgaveUITests.framework */ = {isa = PBXFileReference; explicitFileType = wrapper.framework; includeInIndex = 0; path = Pods_AgaveUITests.framework; sourceTree = BUILT_PRODUCTS_DIR; };
		96CE0F5CFF170D6373E4F2D2 /* Pods-AgaveUITests.release.xcconfig */ = {isa = PBXFileReference; includeInIndex = 1; lastKnownFileType = text.xcconfig; name = "Pods-AgaveUITests.release.xcconfig"; path = "Pods/Target Support Files/Pods-AgaveUITests/Pods-AgaveUITests.release.xcconfig"; sourceTree = "<group>"; };
		99B87E1F21727D7300DA9E51 /* Agave.app */ = {isa = PBXFileReference; explicitFileType = wrapper.application; includeInIndex = 0; path = Agave.app; sourceTree = BUILT_PRODUCTS_DIR; };
		99B87E2221727D7400DA9E51 /* AppDelegate.swift */ = {isa = PBXFileReference; lastKnownFileType = sourcecode.swift; path = AppDelegate.swift; sourceTree = "<group>"; };
		99B87E2421727D7400DA9E51 /* ViewController.swift */ = {isa = PBXFileReference; lastKnownFileType = sourcecode.swift; path = ViewController.swift; sourceTree = "<group>"; };
		99B87E2721727D7400DA9E51 /* Base */ = {isa = PBXFileReference; lastKnownFileType = file.storyboard; name = Base; path = Base.lproj/Main.storyboard; sourceTree = "<group>"; };
		99B87E2A21727D7400DA9E51 /* Agave.xcdatamodel */ = {isa = PBXFileReference; lastKnownFileType = wrapper.xcdatamodel; path = Agave.xcdatamodel; sourceTree = "<group>"; };
		99B87E2C21727D7600DA9E51 /* Assets.xcassets */ = {isa = PBXFileReference; lastKnownFileType = folder.assetcatalog; path = Assets.xcassets; sourceTree = "<group>"; };
		99B87E2F21727D7600DA9E51 /* Base */ = {isa = PBXFileReference; lastKnownFileType = file.storyboard; name = Base; path = Base.lproj/LaunchScreen.storyboard; sourceTree = "<group>"; };
		99B87E3121727D7600DA9E51 /* Info.plist */ = {isa = PBXFileReference; lastKnownFileType = text.plist.xml; path = Info.plist; sourceTree = "<group>"; };
		99B87E3621727D7600DA9E51 /* AgaveTests.xctest */ = {isa = PBXFileReference; explicitFileType = wrapper.cfbundle; includeInIndex = 0; path = AgaveTests.xctest; sourceTree = BUILT_PRODUCTS_DIR; };
		99B87E3A21727D7600DA9E51 /* AgaveTests.swift */ = {isa = PBXFileReference; lastKnownFileType = sourcecode.swift; path = AgaveTests.swift; sourceTree = "<group>"; };
		99B87E3C21727D7600DA9E51 /* Info.plist */ = {isa = PBXFileReference; lastKnownFileType = text.plist.xml; path = Info.plist; sourceTree = "<group>"; };
		99B87E4121727D7600DA9E51 /* AgaveUITests.xctest */ = {isa = PBXFileReference; explicitFileType = wrapper.cfbundle; includeInIndex = 0; path = AgaveUITests.xctest; sourceTree = BUILT_PRODUCTS_DIR; };
		99B87E4521727D7600DA9E51 /* AgaveUITests.swift */ = {isa = PBXFileReference; lastKnownFileType = sourcecode.swift; path = AgaveUITests.swift; sourceTree = "<group>"; };
		99B87E4721727D7600DA9E51 /* Info.plist */ = {isa = PBXFileReference; lastKnownFileType = text.plist.xml; path = Info.plist; sourceTree = "<group>"; };
		99B87E552172806500DA9E51 /* Podfile */ = {isa = PBXFileReference; fileEncoding = 4; lastKnownFileType = text; path = Podfile; sourceTree = "<group>"; xcLanguageSpecificationIdentifier = xcode.lang.ruby; };
		99B87E57217285A300DA9E51 /* FindPodcastsViewController.swift */ = {isa = PBXFileReference; lastKnownFileType = sourcecode.swift; path = FindPodcastsViewController.swift; sourceTree = "<group>"; };
		99B87E5A2172864400DA9E51 /* Podcast.swift */ = {isa = PBXFileReference; fileEncoding = 4; lastKnownFileType = sourcecode.swift; path = Podcast.swift; sourceTree = "<group>"; };
		99B87E5B2172864400DA9E51 /* Episode.swift */ = {isa = PBXFileReference; fileEncoding = 4; lastKnownFileType = sourcecode.swift; path = Episode.swift; sourceTree = "<group>"; };
		99B87E5C2172864400DA9E51 /* User.swift */ = {isa = PBXFileReference; fileEncoding = 4; lastKnownFileType = sourcecode.swift; path = User.swift; sourceTree = "<group>"; };
		99B87E6021728A4100DA9E51 /* LoginViewController.swift */ = {isa = PBXFileReference; fileEncoding = 4; lastKnownFileType = sourcecode.swift; path = LoginViewController.swift; sourceTree = "<group>"; };
		99B87E6221728FDB00DA9E51 /* MainNavigationController.swift */ = {isa = PBXFileReference; fileEncoding = 4; lastKnownFileType = sourcecode.swift; path = MainNavigationController.swift; sourceTree = "<group>"; };
		99B87E6321728FDB00DA9E51 /* MainTabBarViewController.swift */ = {isa = PBXFileReference; fileEncoding = 4; lastKnownFileType = sourcecode.swift; path = MainTabBarViewController.swift; sourceTree = "<group>"; };
		99B87E662172A61400DA9E51 /* GoogleService-Info.plist */ = {isa = PBXFileReference; fileEncoding = 4; lastKnownFileType = text.plist.xml; path = "GoogleService-Info.plist"; sourceTree = "<group>"; };
		A5FC45B5A184D95B18BFA632 /* Pods-AgaveTests.release.xcconfig */ = {isa = PBXFileReference; includeInIndex = 1; lastKnownFileType = text.xcconfig; name = "Pods-AgaveTests.release.xcconfig"; path = "Pods/Target Support Files/Pods-AgaveTests/Pods-AgaveTests.release.xcconfig"; sourceTree = "<group>"; };
		ABAEC6F346A37D0A8DA633DC /* Pods-Agave.debug.xcconfig */ = {isa = PBXFileReference; includeInIndex = 1; lastKnownFileType = text.xcconfig; name = "Pods-Agave.debug.xcconfig"; path = "Pods/Target Support Files/Pods-Agave/Pods-Agave.debug.xcconfig"; sourceTree = "<group>"; };
		E602FD0F3DE8884F88EA2FB7 /* Pods-AgaveUITests.debug.xcconfig */ = {isa = PBXFileReference; includeInIndex = 1; lastKnownFileType = text.xcconfig; name = "Pods-AgaveUITests.debug.xcconfig"; path = "Pods/Target Support Files/Pods-AgaveUITests/Pods-AgaveUITests.debug.xcconfig"; sourceTree = "<group>"; };
		EF4E240B52C7E14F11456E70 /* Pods-AgaveTests.debug.xcconfig */ = {isa = PBXFileReference; includeInIndex = 1; lastKnownFileType = text.xcconfig; name = "Pods-AgaveTests.debug.xcconfig"; path = "Pods/Target Support Files/Pods-AgaveTests/Pods-AgaveTests.debug.xcconfig"; sourceTree = "<group>"; };
/* End PBXFileReference section */

/* Begin PBXFrameworksBuildPhase section */
		99B87E1C21727D7300DA9E51 /* Frameworks */ = {
			isa = PBXFrameworksBuildPhase;
			buildActionMask = 2147483647;
			files = (
				CF9E5AF137A9FE269449A560 /* Pods_Agave.framework in Frameworks */,
			);
			runOnlyForDeploymentPostprocessing = 0;
		};
		99B87E3321727D7600DA9E51 /* Frameworks */ = {
			isa = PBXFrameworksBuildPhase;
			buildActionMask = 2147483647;
			files = (
				816A23457CED70354D38CF8C /* Pods_AgaveTests.framework in Frameworks */,
			);
			runOnlyForDeploymentPostprocessing = 0;
		};
		99B87E3E21727D7600DA9E51 /* Frameworks */ = {
			isa = PBXFrameworksBuildPhase;
			buildActionMask = 2147483647;
			files = (
				6D2D5D2085CD371E3F622467 /* Pods_AgaveUITests.framework in Frameworks */,
			);
			runOnlyForDeploymentPostprocessing = 0;
		};
/* End PBXFrameworksBuildPhase section */

/* Begin PBXGroup section */
		42C09EDBBB68015B0ABBC952 /* Frameworks */ = {
			isa = PBXGroup;
			children = (
				488B2C213CB481B90A8CAC44 /* Pods_Agave.framework */,
				01EC71EEBA426AC8936C3824 /* Pods_AgaveTests.framework */,
				56E62BFC61254A8FBE8DC805 /* Pods_AgaveUITests.framework */,
			);
			name = Frameworks;
			sourceTree = "<group>";
		};
		99B87E1621727D7300DA9E51 = {
			isa = PBXGroup;
			children = (
				99B87E2121727D7400DA9E51 /* Agave */,
				99B87E3921727D7600DA9E51 /* AgaveTests */,
				99B87E4421727D7600DA9E51 /* AgaveUITests */,
				99B87E2021727D7300DA9E51 /* Products */,
				99B87E552172806500DA9E51 /* Podfile */,
				FBB57A940F0FE8122F4A6021 /* Pods */,
				42C09EDBBB68015B0ABBC952 /* Frameworks */,
			);
			sourceTree = "<group>";
		};
		99B87E2021727D7300DA9E51 /* Products */ = {
			isa = PBXGroup;
			children = (
				99B87E1F21727D7300DA9E51 /* Agave.app */,
				99B87E3621727D7600DA9E51 /* AgaveTests.xctest */,
				99B87E4121727D7600DA9E51 /* AgaveUITests.xctest */,
			);
			name = Products;
			sourceTree = "<group>";
		};
		99B87E2121727D7400DA9E51 /* Agave */ = {
			isa = PBXGroup;
			children = (
				99B87E662172A61400DA9E51 /* GoogleService-Info.plist */,
				99B87E59217285DF00DA9E51 /* Models */,
				99B87E5421727DBA00DA9E51 /* Auth */,
				99B87E5321727DB000DA9E51 /* Controllers */,
				99B87E2221727D7400DA9E51 /* AppDelegate.swift */,
				99B87E2421727D7400DA9E51 /* ViewController.swift */,
				99B87E2621727D7400DA9E51 /* Main.storyboard */,
				99B87E2C21727D7600DA9E51 /* Assets.xcassets */,
				99B87E2E21727D7600DA9E51 /* LaunchScreen.storyboard */,
				99B87E3121727D7600DA9E51 /* Info.plist */,
				99B87E2921727D7400DA9E51 /* Agave.xcdatamodeld */,
			);
			path = Agave;
			sourceTree = "<group>";
		};
		99B87E3921727D7600DA9E51 /* AgaveTests */ = {
			isa = PBXGroup;
			children = (
				99B87E3A21727D7600DA9E51 /* AgaveTests.swift */,
				99B87E3C21727D7600DA9E51 /* Info.plist */,
			);
			path = AgaveTests;
			sourceTree = "<group>";
		};
		99B87E4421727D7600DA9E51 /* AgaveUITests */ = {
			isa = PBXGroup;
			children = (
				99B87E4521727D7600DA9E51 /* AgaveUITests.swift */,
				99B87E4721727D7600DA9E51 /* Info.plist */,
			);
			path = AgaveUITests;
			sourceTree = "<group>";
		};
		99B87E5321727DB000DA9E51 /* Controllers */ = {
			isa = PBXGroup;
			children = (
				99B87E6021728A4100DA9E51 /* LoginViewController.swift */,
				99B87E57217285A300DA9E51 /* FindPodcastsViewController.swift */,
				99B87E6221728FDB00DA9E51 /* MainNavigationController.swift */,
				99B87E6321728FDB00DA9E51 /* MainTabBarViewController.swift */,
			);
			path = Controllers;
			sourceTree = "<group>";
		};
		99B87E5421727DBA00DA9E51 /* Auth */ = {
			isa = PBXGroup;
			children = (
			);
			path = Auth;
			sourceTree = "<group>";
		};
		99B87E59217285DF00DA9E51 /* Models */ = {
			isa = PBXGroup;
			children = (
				99B87E5B2172864400DA9E51 /* Episode.swift */,
				99B87E5A2172864400DA9E51 /* Podcast.swift */,
				99B87E5C2172864400DA9E51 /* User.swift */,
			);
			path = Models;
			sourceTree = "<group>";
		};
		FBB57A940F0FE8122F4A6021 /* Pods */ = {
			isa = PBXGroup;
			children = (
				ABAEC6F346A37D0A8DA633DC /* Pods-Agave.debug.xcconfig */,
				351EAC93BB74612CAFC0FD82 /* Pods-Agave.release.xcconfig */,
				EF4E240B52C7E14F11456E70 /* Pods-AgaveTests.debug.xcconfig */,
				A5FC45B5A184D95B18BFA632 /* Pods-AgaveTests.release.xcconfig */,
				E602FD0F3DE8884F88EA2FB7 /* Pods-AgaveUITests.debug.xcconfig */,
				96CE0F5CFF170D6373E4F2D2 /* Pods-AgaveUITests.release.xcconfig */,
			);
			name = Pods;
			sourceTree = "<group>";
		};
/* End PBXGroup section */

/* Begin PBXNativeTarget section */
		99B87E1E21727D7300DA9E51 /* Agave */ = {
			isa = PBXNativeTarget;
			buildConfigurationList = 99B87E4A21727D7600DA9E51 /* Build configuration list for PBXNativeTarget "Agave" */;
			buildPhases = (
				DE7EEE949412D508A4D49366 /* [CP] Check Pods Manifest.lock */,
				99B87E1B21727D7300DA9E51 /* Sources */,
				99B87E1C21727D7300DA9E51 /* Frameworks */,
				99B87E1D21727D7300DA9E51 /* Resources */,
				11E0680A6A3EAAA485C26ABA /* [CP] Embed Pods Frameworks */,
				9FC3E0009FCB8D5746DFAC41 /* [CP] Copy Pods Resources */,
			);
			buildRules = (
			);
			dependencies = (
			);
			name = Agave;
			productName = Agave;
			productReference = 99B87E1F21727D7300DA9E51 /* Agave.app */;
			productType = "com.apple.product-type.application";
		};
		99B87E3521727D7600DA9E51 /* AgaveTests */ = {
			isa = PBXNativeTarget;
			buildConfigurationList = 99B87E4D21727D7600DA9E51 /* Build configuration list for PBXNativeTarget "AgaveTests" */;
			buildPhases = (
				CA049C13A799E7CF3AFB7C3E /* [CP] Check Pods Manifest.lock */,
				99B87E3221727D7600DA9E51 /* Sources */,
				99B87E3321727D7600DA9E51 /* Frameworks */,
				99B87E3421727D7600DA9E51 /* Resources */,
			);
			buildRules = (
			);
			dependencies = (
				99B87E3821727D7600DA9E51 /* PBXTargetDependency */,
			);
			name = AgaveTests;
			productName = AgaveTests;
			productReference = 99B87E3621727D7600DA9E51 /* AgaveTests.xctest */;
			productType = "com.apple.product-type.bundle.unit-test";
		};
		99B87E4021727D7600DA9E51 /* AgaveUITests */ = {
			isa = PBXNativeTarget;
			buildConfigurationList = 99B87E5021727D7600DA9E51 /* Build configuration list for PBXNativeTarget "AgaveUITests" */;
			buildPhases = (
				BCB1A7C24006CB0F79BC1FE0 /* [CP] Check Pods Manifest.lock */,
				99B87E3D21727D7600DA9E51 /* Sources */,
				99B87E3E21727D7600DA9E51 /* Frameworks */,
				99B87E3F21727D7600DA9E51 /* Resources */,
			);
			buildRules = (
			);
			dependencies = (
				99B87E4321727D7600DA9E51 /* PBXTargetDependency */,
			);
			name = AgaveUITests;
			productName = AgaveUITests;
			productReference = 99B87E4121727D7600DA9E51 /* AgaveUITests.xctest */;
			productType = "com.apple.product-type.bundle.ui-testing";
		};
/* End PBXNativeTarget section */

/* Begin PBXProject section */
		99B87E1721727D7300DA9E51 /* Project object */ = {
			isa = PBXProject;
			attributes = {
				LastSwiftUpdateCheck = 1000;
				LastUpgradeCheck = 1000;
				ORGANIZATIONNAME = JBYoung;
				TargetAttributes = {
					99B87E1E21727D7300DA9E51 = {
						CreatedOnToolsVersion = 10.0;
					};
					99B87E3521727D7600DA9E51 = {
						CreatedOnToolsVersion = 10.0;
						TestTargetID = 99B87E1E21727D7300DA9E51;
					};
					99B87E4021727D7600DA9E51 = {
						CreatedOnToolsVersion = 10.0;
						TestTargetID = 99B87E1E21727D7300DA9E51;
					};
				};
			};
			buildConfigurationList = 99B87E1A21727D7300DA9E51 /* Build configuration list for PBXProject "Agave" */;
			compatibilityVersion = "Xcode 9.3";
			developmentRegion = en;
			hasScannedForEncodings = 0;
			knownRegions = (
				en,
				Base,
			);
			mainGroup = 99B87E1621727D7300DA9E51;
			productRefGroup = 99B87E2021727D7300DA9E51 /* Products */;
			projectDirPath = "";
			projectRoot = "";
			targets = (
				99B87E1E21727D7300DA9E51 /* Agave */,
				99B87E3521727D7600DA9E51 /* AgaveTests */,
				99B87E4021727D7600DA9E51 /* AgaveUITests */,
			);
		};
/* End PBXProject section */

/* Begin PBXResourcesBuildPhase section */
		99B87E1D21727D7300DA9E51 /* Resources */ = {
			isa = PBXResourcesBuildPhase;
			buildActionMask = 2147483647;
			files = (
				99B87E3021727D7600DA9E51 /* LaunchScreen.storyboard in Resources */,
				99B87E2D21727D7600DA9E51 /* Assets.xcassets in Resources */,
				99B87E672172A61400DA9E51 /* GoogleService-Info.plist in Resources */,
				99B87E562172806500DA9E51 /* Podfile in Resources */,
				99B87E2821727D7400DA9E51 /* Main.storyboard in Resources */,
			);
			runOnlyForDeploymentPostprocessing = 0;
		};
		99B87E3421727D7600DA9E51 /* Resources */ = {
			isa = PBXResourcesBuildPhase;
			buildActionMask = 2147483647;
			files = (
			);
			runOnlyForDeploymentPostprocessing = 0;
		};
		99B87E3F21727D7600DA9E51 /* Resources */ = {
			isa = PBXResourcesBuildPhase;
			buildActionMask = 2147483647;
			files = (
			);
			runOnlyForDeploymentPostprocessing = 0;
		};
/* End PBXResourcesBuildPhase section */

/* Begin PBXShellScriptBuildPhase section */
		11E0680A6A3EAAA485C26ABA /* [CP] Embed Pods Frameworks */ = {
			isa = PBXShellScriptBuildPhase;
			buildActionMask = 2147483647;
			files = (
			);
			inputPaths = (
				"${SRCROOT}/Pods/Target Support Files/Pods-Agave/Pods-Agave-frameworks.sh",
				"${BUILT_PRODUCTS_DIR}/Bolts/Bolts.framework",
				"${BUILT_PRODUCTS_DIR}/BoringSSL/openssl.framework",
				"${BUILT_PRODUCTS_DIR}/FBSDKCoreKit/FBSDKCoreKit.framework",
				"${BUILT_PRODUCTS_DIR}/FBSDKLoginKit/FBSDKLoginKit.framework",
				"${BUILT_PRODUCTS_DIR}/FacebookCore/FacebookCore.framework",
				"${BUILT_PRODUCTS_DIR}/FacebookLogin/FacebookLogin.framework",
				"${BUILT_PRODUCTS_DIR}/GTMSessionFetcher/GTMSessionFetcher.framework",
				"${BUILT_PRODUCTS_DIR}/GoogleToolboxForMac/GoogleToolboxForMac.framework",
				"${BUILT_PRODUCTS_DIR}/Protobuf/Protobuf.framework",
				"${BUILT_PRODUCTS_DIR}/gRPC/GRPCClient.framework",
				"${BUILT_PRODUCTS_DIR}/gRPC-Core/grpc.framework",
				"${BUILT_PRODUCTS_DIR}/gRPC-ProtoRPC/ProtoRPC.framework",
				"${BUILT_PRODUCTS_DIR}/gRPC-RxLibrary/RxLibrary.framework",
				"${BUILT_PRODUCTS_DIR}/leveldb-library/leveldb.framework",
				"${BUILT_PRODUCTS_DIR}/nanopb/nanopb.framework",
			);
			name = "[CP] Embed Pods Frameworks";
			outputPaths = (
				"${TARGET_BUILD_DIR}/${FRAMEWORKS_FOLDER_PATH}/Bolts.framework",
				"${TARGET_BUILD_DIR}/${FRAMEWORKS_FOLDER_PATH}/openssl.framework",
				"${TARGET_BUILD_DIR}/${FRAMEWORKS_FOLDER_PATH}/FBSDKCoreKit.framework",
				"${TARGET_BUILD_DIR}/${FRAMEWORKS_FOLDER_PATH}/FBSDKLoginKit.framework",
				"${TARGET_BUILD_DIR}/${FRAMEWORKS_FOLDER_PATH}/FacebookCore.framework",
				"${TARGET_BUILD_DIR}/${FRAMEWORKS_FOLDER_PATH}/FacebookLogin.framework",
				"${TARGET_BUILD_DIR}/${FRAMEWORKS_FOLDER_PATH}/GTMSessionFetcher.framework",
				"${TARGET_BUILD_DIR}/${FRAMEWORKS_FOLDER_PATH}/GoogleToolboxForMac.framework",
				"${TARGET_BUILD_DIR}/${FRAMEWORKS_FOLDER_PATH}/Protobuf.framework",
				"${TARGET_BUILD_DIR}/${FRAMEWORKS_FOLDER_PATH}/GRPCClient.framework",
				"${TARGET_BUILD_DIR}/${FRAMEWORKS_FOLDER_PATH}/grpc.framework",
				"${TARGET_BUILD_DIR}/${FRAMEWORKS_FOLDER_PATH}/ProtoRPC.framework",
				"${TARGET_BUILD_DIR}/${FRAMEWORKS_FOLDER_PATH}/RxLibrary.framework",
				"${TARGET_BUILD_DIR}/${FRAMEWORKS_FOLDER_PATH}/leveldb.framework",
				"${TARGET_BUILD_DIR}/${FRAMEWORKS_FOLDER_PATH}/nanopb.framework",
			);
			runOnlyForDeploymentPostprocessing = 0;
			shellPath = /bin/sh;
			shellScript = "\"${SRCROOT}/Pods/Target Support Files/Pods-Agave/Pods-Agave-frameworks.sh\"\n";
			showEnvVarsInLog = 0;
		};
		9FC3E0009FCB8D5746DFAC41 /* [CP] Copy Pods Resources */ = {
			isa = PBXShellScriptBuildPhase;
			buildActionMask = 2147483647;
			files = (
			);
			inputPaths = (
				"${SRCROOT}/Pods/Target Support Files/Pods-Agave/Pods-Agave-resources.sh",
				"${PODS_CONFIGURATION_BUILD_DIR}/FirebaseUI/FirebaseAuthUI.bundle",
			);
			name = "[CP] Copy Pods Resources";
			outputPaths = (
				"${TARGET_BUILD_DIR}/${UNLOCALIZED_RESOURCES_FOLDER_PATH}/FirebaseAuthUI.bundle",
			);
			runOnlyForDeploymentPostprocessing = 0;
			shellPath = /bin/sh;
			shellScript = "\"${SRCROOT}/Pods/Target Support Files/Pods-Agave/Pods-Agave-resources.sh\"\n";
			showEnvVarsInLog = 0;
		};
		BCB1A7C24006CB0F79BC1FE0 /* [CP] Check Pods Manifest.lock */ = {
			isa = PBXShellScriptBuildPhase;
			buildActionMask = 2147483647;
			files = (
			);
			inputPaths = (
				"${PODS_PODFILE_DIR_PATH}/Podfile.lock",
				"${PODS_ROOT}/Manifest.lock",
			);
			name = "[CP] Check Pods Manifest.lock";
			outputPaths = (
				"$(DERIVED_FILE_DIR)/Pods-AgaveUITests-checkManifestLockResult.txt",
			);
			runOnlyForDeploymentPostprocessing = 0;
			shellPath = /bin/sh;
			shellScript = "diff \"${PODS_PODFILE_DIR_PATH}/Podfile.lock\" \"${PODS_ROOT}/Manifest.lock\" > /dev/null\nif [ $? != 0 ] ; then\n    # print error to STDERR\n    echo \"error: The sandbox is not in sync with the Podfile.lock. Run 'pod install' or update your CocoaPods installation.\" >&2\n    exit 1\nfi\n# This output is used by Xcode 'outputs' to avoid re-running this script phase.\necho \"SUCCESS\" > \"${SCRIPT_OUTPUT_FILE_0}\"\n";
			showEnvVarsInLog = 0;
		};
		CA049C13A799E7CF3AFB7C3E /* [CP] Check Pods Manifest.lock */ = {
			isa = PBXShellScriptBuildPhase;
			buildActionMask = 2147483647;
			files = (
			);
			inputPaths = (
				"${PODS_PODFILE_DIR_PATH}/Podfile.lock",
				"${PODS_ROOT}/Manifest.lock",
			);
			name = "[CP] Check Pods Manifest.lock";
			outputPaths = (
				"$(DERIVED_FILE_DIR)/Pods-AgaveTests-checkManifestLockResult.txt",
			);
			runOnlyForDeploymentPostprocessing = 0;
			shellPath = /bin/sh;
			shellScript = "diff \"${PODS_PODFILE_DIR_PATH}/Podfile.lock\" \"${PODS_ROOT}/Manifest.lock\" > /dev/null\nif [ $? != 0 ] ; then\n    # print error to STDERR\n    echo \"error: The sandbox is not in sync with the Podfile.lock. Run 'pod install' or update your CocoaPods installation.\" >&2\n    exit 1\nfi\n# This output is used by Xcode 'outputs' to avoid re-running this script phase.\necho \"SUCCESS\" > \"${SCRIPT_OUTPUT_FILE_0}\"\n";
			showEnvVarsInLog = 0;
		};
		DE7EEE949412D508A4D49366 /* [CP] Check Pods Manifest.lock */ = {
			isa = PBXShellScriptBuildPhase;
			buildActionMask = 2147483647;
			files = (
			);
			inputPaths = (
				"${PODS_PODFILE_DIR_PATH}/Podfile.lock",
				"${PODS_ROOT}/Manifest.lock",
			);
			name = "[CP] Check Pods Manifest.lock";
			outputPaths = (
				"$(DERIVED_FILE_DIR)/Pods-Agave-checkManifestLockResult.txt",
			);
			runOnlyForDeploymentPostprocessing = 0;
			shellPath = /bin/sh;
			shellScript = "diff \"${PODS_PODFILE_DIR_PATH}/Podfile.lock\" \"${PODS_ROOT}/Manifest.lock\" > /dev/null\nif [ $? != 0 ] ; then\n    # print error to STDERR\n    echo \"error: The sandbox is not in sync with the Podfile.lock. Run 'pod install' or update your CocoaPods installation.\" >&2\n    exit 1\nfi\n# This output is used by Xcode 'outputs' to avoid re-running this script phase.\necho \"SUCCESS\" > \"${SCRIPT_OUTPUT_FILE_0}\"\n";
			showEnvVarsInLog = 0;
		};
/* End PBXShellScriptBuildPhase section */

/* Begin PBXSourcesBuildPhase section */
		99B87E1B21727D7300DA9E51 /* Sources */ = {
			isa = PBXSourcesBuildPhase;
			buildActionMask = 2147483647;
			files = (
				99B87E6421728FDB00DA9E51 /* MainNavigationController.swift in Sources */,
				99B87E58217285A300DA9E51 /* FindPodcastsViewController.swift in Sources */,
				99B87E5E2172864400DA9E51 /* Episode.swift in Sources */,
				99B87E2521727D7400DA9E51 /* ViewController.swift in Sources */,
				99B87E2B21727D7400DA9E51 /* Agave.xcdatamodeld in Sources */,
				99B87E6521728FDB00DA9E51 /* MainTabBarViewController.swift in Sources */,
				99B87E6121728A4100DA9E51 /* LoginViewController.swift in Sources */,
				99B87E2321727D7400DA9E51 /* AppDelegate.swift in Sources */,
				99B87E5D2172864400DA9E51 /* Podcast.swift in Sources */,
				99B87E5F2172864400DA9E51 /* User.swift in Sources */,
			);
			runOnlyForDeploymentPostprocessing = 0;
		};
		99B87E3221727D7600DA9E51 /* Sources */ = {
			isa = PBXSourcesBuildPhase;
			buildActionMask = 2147483647;
			files = (
				99B87E3B21727D7600DA9E51 /* AgaveTests.swift in Sources */,
			);
			runOnlyForDeploymentPostprocessing = 0;
		};
		99B87E3D21727D7600DA9E51 /* Sources */ = {
			isa = PBXSourcesBuildPhase;
			buildActionMask = 2147483647;
			files = (
				99B87E4621727D7600DA9E51 /* AgaveUITests.swift in Sources */,
			);
			runOnlyForDeploymentPostprocessing = 0;
		};
/* End PBXSourcesBuildPhase section */

/* Begin PBXTargetDependency section */
		99B87E3821727D7600DA9E51 /* PBXTargetDependency */ = {
			isa = PBXTargetDependency;
			target = 99B87E1E21727D7300DA9E51 /* Agave */;
			targetProxy = 99B87E3721727D7600DA9E51 /* PBXContainerItemProxy */;
		};
		99B87E4321727D7600DA9E51 /* PBXTargetDependency */ = {
			isa = PBXTargetDependency;
			target = 99B87E1E21727D7300DA9E51 /* Agave */;
			targetProxy = 99B87E4221727D7600DA9E51 /* PBXContainerItemProxy */;
		};
/* End PBXTargetDependency section */

/* Begin PBXVariantGroup section */
		99B87E2621727D7400DA9E51 /* Main.storyboard */ = {
			isa = PBXVariantGroup;
			children = (
				99B87E2721727D7400DA9E51 /* Base */,
			);
			name = Main.storyboard;
			sourceTree = "<group>";
		};
		99B87E2E21727D7600DA9E51 /* LaunchScreen.storyboard */ = {
			isa = PBXVariantGroup;
			children = (
				99B87E2F21727D7600DA9E51 /* Base */,
			);
			name = LaunchScreen.storyboard;
			sourceTree = "<group>";
		};
/* End PBXVariantGroup section */

/* Begin XCBuildConfiguration section */
		99B87E4821727D7600DA9E51 /* Debug */ = {
			isa = XCBuildConfiguration;
			buildSettings = {
				ALWAYS_SEARCH_USER_PATHS = NO;
				CLANG_ANALYZER_NONNULL = YES;
				CLANG_ANALYZER_NUMBER_OBJECT_CONVERSION = YES_AGGRESSIVE;
				CLANG_CXX_LANGUAGE_STANDARD = "gnu++14";
				CLANG_CXX_LIBRARY = "libc++";
				CLANG_ENABLE_MODULES = YES;
				CLANG_ENABLE_OBJC_ARC = YES;
				CLANG_ENABLE_OBJC_WEAK = YES;
				CLANG_WARN_BLOCK_CAPTURE_AUTORELEASING = YES;
				CLANG_WARN_BOOL_CONVERSION = YES;
				CLANG_WARN_COMMA = YES;
				CLANG_WARN_CONSTANT_CONVERSION = YES;
				CLANG_WARN_DEPRECATED_OBJC_IMPLEMENTATIONS = YES;
				CLANG_WARN_DIRECT_OBJC_ISA_USAGE = YES_ERROR;
				CLANG_WARN_DOCUMENTATION_COMMENTS = YES;
				CLANG_WARN_EMPTY_BODY = YES;
				CLANG_WARN_ENUM_CONVERSION = YES;
				CLANG_WARN_INFINITE_RECURSION = YES;
				CLANG_WARN_INT_CONVERSION = YES;
				CLANG_WARN_NON_LITERAL_NULL_CONVERSION = YES;
				CLANG_WARN_OBJC_IMPLICIT_RETAIN_SELF = YES;
				CLANG_WARN_OBJC_LITERAL_CONVERSION = YES;
				CLANG_WARN_OBJC_ROOT_CLASS = YES_ERROR;
				CLANG_WARN_RANGE_LOOP_ANALYSIS = YES;
				CLANG_WARN_STRICT_PROTOTYPES = YES;
				CLANG_WARN_SUSPICIOUS_MOVE = YES;
				CLANG_WARN_UNGUARDED_AVAILABILITY = YES_AGGRESSIVE;
				CLANG_WARN_UNREACHABLE_CODE = YES;
				CLANG_WARN__DUPLICATE_METHOD_MATCH = YES;
				CODE_SIGN_IDENTITY = "iPhone Developer";
				COPY_PHASE_STRIP = NO;
				DEBUG_INFORMATION_FORMAT = dwarf;
				ENABLE_STRICT_OBJC_MSGSEND = YES;
				ENABLE_TESTABILITY = YES;
				GCC_C_LANGUAGE_STANDARD = gnu11;
				GCC_DYNAMIC_NO_PIC = NO;
				GCC_NO_COMMON_BLOCKS = YES;
				GCC_OPTIMIZATION_LEVEL = 0;
				GCC_PREPROCESSOR_DEFINITIONS = (
					"DEBUG=1",
					"$(inherited)",
				);
				GCC_WARN_64_TO_32_BIT_CONVERSION = YES;
				GCC_WARN_ABOUT_RETURN_TYPE = YES_ERROR;
				GCC_WARN_UNDECLARED_SELECTOR = YES;
				GCC_WARN_UNINITIALIZED_AUTOS = YES_AGGRESSIVE;
				GCC_WARN_UNUSED_FUNCTION = YES;
				GCC_WARN_UNUSED_VARIABLE = YES;
				IPHONEOS_DEPLOYMENT_TARGET = 12.0;
				MTL_ENABLE_DEBUG_INFO = INCLUDE_SOURCE;
				MTL_FAST_MATH = YES;
				ONLY_ACTIVE_ARCH = YES;
				SDKROOT = iphoneos;
				SWIFT_ACTIVE_COMPILATION_CONDITIONS = DEBUG;
				SWIFT_OPTIMIZATION_LEVEL = "-Onone";
			};
			name = Debug;
		};
		99B87E4921727D7600DA9E51 /* Release */ = {
			isa = XCBuildConfiguration;
			buildSettings = {
				ALWAYS_SEARCH_USER_PATHS = NO;
				CLANG_ANALYZER_NONNULL = YES;
				CLANG_ANALYZER_NUMBER_OBJECT_CONVERSION = YES_AGGRESSIVE;
				CLANG_CXX_LANGUAGE_STANDARD = "gnu++14";
				CLANG_CXX_LIBRARY = "libc++";
				CLANG_ENABLE_MODULES = YES;
				CLANG_ENABLE_OBJC_ARC = YES;
				CLANG_ENABLE_OBJC_WEAK = YES;
				CLANG_WARN_BLOCK_CAPTURE_AUTORELEASING = YES;
				CLANG_WARN_BOOL_CONVERSION = YES;
				CLANG_WARN_COMMA = YES;
				CLANG_WARN_CONSTANT_CONVERSION = YES;
				CLANG_WARN_DEPRECATED_OBJC_IMPLEMENTATIONS = YES;
				CLANG_WARN_DIRECT_OBJC_ISA_USAGE = YES_ERROR;
				CLANG_WARN_DOCUMENTATION_COMMENTS = YES;
				CLANG_WARN_EMPTY_BODY = YES;
				CLANG_WARN_ENUM_CONVERSION = YES;
				CLANG_WARN_INFINITE_RECURSION = YES;
				CLANG_WARN_INT_CONVERSION = YES;
				CLANG_WARN_NON_LITERAL_NULL_CONVERSION = YES;
				CLANG_WARN_OBJC_IMPLICIT_RETAIN_SELF = YES;
				CLANG_WARN_OBJC_LITERAL_CONVERSION = YES;
				CLANG_WARN_OBJC_ROOT_CLASS = YES_ERROR;
				CLANG_WARN_RANGE_LOOP_ANALYSIS = YES;
				CLANG_WARN_STRICT_PROTOTYPES = YES;
				CLANG_WARN_SUSPICIOUS_MOVE = YES;
				CLANG_WARN_UNGUARDED_AVAILABILITY = YES_AGGRESSIVE;
				CLANG_WARN_UNREACHABLE_CODE = YES;
				CLANG_WARN__DUPLICATE_METHOD_MATCH = YES;
				CODE_SIGN_IDENTITY = "iPhone Developer";
				COPY_PHASE_STRIP = NO;
				DEBUG_INFORMATION_FORMAT = "dwarf-with-dsym";
				ENABLE_NS_ASSERTIONS = NO;
				ENABLE_STRICT_OBJC_MSGSEND = YES;
				GCC_C_LANGUAGE_STANDARD = gnu11;
				GCC_NO_COMMON_BLOCKS = YES;
				GCC_WARN_64_TO_32_BIT_CONVERSION = YES;
				GCC_WARN_ABOUT_RETURN_TYPE = YES_ERROR;
				GCC_WARN_UNDECLARED_SELECTOR = YES;
				GCC_WARN_UNINITIALIZED_AUTOS = YES_AGGRESSIVE;
				GCC_WARN_UNUSED_FUNCTION = YES;
				GCC_WARN_UNUSED_VARIABLE = YES;
				IPHONEOS_DEPLOYMENT_TARGET = 12.0;
				MTL_ENABLE_DEBUG_INFO = NO;
				MTL_FAST_MATH = YES;
				SDKROOT = iphoneos;
				SWIFT_COMPILATION_MODE = wholemodule;
				SWIFT_OPTIMIZATION_LEVEL = "-O";
				VALIDATE_PRODUCT = YES;
			};
			name = Release;
		};
		99B87E4B21727D7600DA9E51 /* Debug */ = {
			isa = XCBuildConfiguration;
			baseConfigurationReference = ABAEC6F346A37D0A8DA633DC /* Pods-Agave.debug.xcconfig */;
			buildSettings = {
				ASSETCATALOG_COMPILER_APPICON_NAME = AppIcon;
				CODE_SIGN_STYLE = Automatic;
				DEVELOPMENT_TEAM = JVTS2SVU4G;
				INFOPLIST_FILE = Agave/Info.plist;
				LD_RUNPATH_SEARCH_PATHS = (
					"$(inherited)",
					"@executable_path/Frameworks",
				);
				PRODUCT_BUNDLE_IDENTIFIER = com.JBYoung.Agave;
				PRODUCT_NAME = "$(TARGET_NAME)";
				SWIFT_VERSION = 4.2;
				TARGETED_DEVICE_FAMILY = "1,2";
			};
			name = Debug;
		};
		99B87E4C21727D7600DA9E51 /* Release */ = {
			isa = XCBuildConfiguration;
			baseConfigurationReference = 351EAC93BB74612CAFC0FD82 /* Pods-Agave.release.xcconfig */;
			buildSettings = {
				ASSETCATALOG_COMPILER_APPICON_NAME = AppIcon;
				CODE_SIGN_STYLE = Automatic;
				DEVELOPMENT_TEAM = JVTS2SVU4G;
				INFOPLIST_FILE = Agave/Info.plist;
				LD_RUNPATH_SEARCH_PATHS = (
					"$(inherited)",
					"@executable_path/Frameworks",
				);
				PRODUCT_BUNDLE_IDENTIFIER = com.JBYoung.Agave;
				PRODUCT_NAME = "$(TARGET_NAME)";
				SWIFT_VERSION = 4.2;
				TARGETED_DEVICE_FAMILY = "1,2";
			};
			name = Release;
		};
		99B87E4E21727D7600DA9E51 /* Debug */ = {
			isa = XCBuildConfiguration;
			baseConfigurationReference = EF4E240B52C7E14F11456E70 /* Pods-AgaveTests.debug.xcconfig */;
			buildSettings = {
				ALWAYS_EMBED_SWIFT_STANDARD_LIBRARIES = YES;
				BUNDLE_LOADER = "$(TEST_HOST)";
				CODE_SIGN_STYLE = Automatic;
				DEVELOPMENT_TEAM = JVTS2SVU4G;
				INFOPLIST_FILE = AgaveTests/Info.plist;
				LD_RUNPATH_SEARCH_PATHS = (
					"$(inherited)",
					"@executable_path/Frameworks",
					"@loader_path/Frameworks",
				);
				PRODUCT_BUNDLE_IDENTIFIER = com.JBYoung.AgaveTests;
				PRODUCT_NAME = "$(TARGET_NAME)";
				SWIFT_VERSION = 4.2;
				TARGETED_DEVICE_FAMILY = "1,2";
				TEST_HOST = "$(BUILT_PRODUCTS_DIR)/Agave.app/Agave";
			};
			name = Debug;
		};
		99B87E4F21727D7600DA9E51 /* Release */ = {
			isa = XCBuildConfiguration;
			baseConfigurationReference = A5FC45B5A184D95B18BFA632 /* Pods-AgaveTests.release.xcconfig */;
			buildSettings = {
				ALWAYS_EMBED_SWIFT_STANDARD_LIBRARIES = YES;
				BUNDLE_LOADER = "$(TEST_HOST)";
				CODE_SIGN_STYLE = Automatic;
				DEVELOPMENT_TEAM = JVTS2SVU4G;
				INFOPLIST_FILE = AgaveTests/Info.plist;
				LD_RUNPATH_SEARCH_PATHS = (
					"$(inherited)",
					"@executable_path/Frameworks",
					"@loader_path/Frameworks",
				);
				PRODUCT_BUNDLE_IDENTIFIER = com.JBYoung.AgaveTests;
				PRODUCT_NAME = "$(TARGET_NAME)";
				SWIFT_VERSION = 4.2;
				TARGETED_DEVICE_FAMILY = "1,2";
				TEST_HOST = "$(BUILT_PRODUCTS_DIR)/Agave.app/Agave";
			};
			name = Release;
		};
		99B87E5121727D7600DA9E51 /* Debug */ = {
			isa = XCBuildConfiguration;
			baseConfigurationReference = E602FD0F3DE8884F88EA2FB7 /* Pods-AgaveUITests.debug.xcconfig */;
			buildSettings = {
				ALWAYS_EMBED_SWIFT_STANDARD_LIBRARIES = YES;
				CODE_SIGN_STYLE = Automatic;
				DEVELOPMENT_TEAM = JVTS2SVU4G;
				INFOPLIST_FILE = AgaveUITests/Info.plist;
				LD_RUNPATH_SEARCH_PATHS = (
					"$(inherited)",
					"@executable_path/Frameworks",
					"@loader_path/Frameworks",
				);
				PRODUCT_BUNDLE_IDENTIFIER = com.JBYoung.AgaveUITests;
				PRODUCT_NAME = "$(TARGET_NAME)";
				SWIFT_VERSION = 4.2;
				TARGETED_DEVICE_FAMILY = "1,2";
				TEST_TARGET_NAME = Agave;
			};
			name = Debug;
		};
		99B87E5221727D7600DA9E51 /* Release */ = {
			isa = XCBuildConfiguration;
			baseConfigurationReference = 96CE0F5CFF170D6373E4F2D2 /* Pods-AgaveUITests.release.xcconfig */;
			buildSettings = {
				ALWAYS_EMBED_SWIFT_STANDARD_LIBRARIES = YES;
				CODE_SIGN_STYLE = Automatic;
				DEVELOPMENT_TEAM = JVTS2SVU4G;
				INFOPLIST_FILE = AgaveUITests/Info.plist;
				LD_RUNPATH_SEARCH_PATHS = (
					"$(inherited)",
					"@executable_path/Frameworks",
					"@loader_path/Frameworks",
				);
				PRODUCT_BUNDLE_IDENTIFIER = com.JBYoung.AgaveUITests;
				PRODUCT_NAME = "$(TARGET_NAME)";
				SWIFT_VERSION = 4.2;
				TARGETED_DEVICE_FAMILY = "1,2";
				TEST_TARGET_NAME = Agave;
			};
			name = Release;
		};
/* End XCBuildConfiguration section */

/* Begin XCConfigurationList section */
		99B87E1A21727D7300DA9E51 /* Build configuration list for PBXProject "Agave" */ = {
			isa = XCConfigurationList;
			buildConfigurations = (
				99B87E4821727D7600DA9E51 /* Debug */,
				99B87E4921727D7600DA9E51 /* Release */,
			);
			defaultConfigurationIsVisible = 0;
			defaultConfigurationName = Release;
		};
		99B87E4A21727D7600DA9E51 /* Build configuration list for PBXNativeTarget "Agave" */ = {
			isa = XCConfigurationList;
			buildConfigurations = (
				99B87E4B21727D7600DA9E51 /* Debug */,
				99B87E4C21727D7600DA9E51 /* Release */,
			);
			defaultConfigurationIsVisible = 0;
			defaultConfigurationName = Release;
		};
		99B87E4D21727D7600DA9E51 /* Build configuration list for PBXNativeTarget "AgaveTests" */ = {
			isa = XCConfigurationList;
			buildConfigurations = (
				99B87E4E21727D7600DA9E51 /* Debug */,
				99B87E4F21727D7600DA9E51 /* Release */,
			);
			defaultConfigurationIsVisible = 0;
			defaultConfigurationName = Release;
		};
		99B87E5021727D7600DA9E51 /* Build configuration list for PBXNativeTarget "AgaveUITests" */ = {
			isa = XCConfigurationList;
			buildConfigurations = (
				99B87E5121727D7600DA9E51 /* Debug */,
				99B87E5221727D7600DA9E51 /* Release */,
			);
			defaultConfigurationIsVisible = 0;
			defaultConfigurationName = Release;
		};
/* End XCConfigurationList section */

/* Begin XCVersionGroup section */
		99B87E2921727D7400DA9E51 /* Agave.xcdatamodeld */ = {
			isa = XCVersionGroup;
			children = (
				99B87E2A21727D7400DA9E51 /* Agave.xcdatamodel */,
			);
			currentVersion = 99B87E2A21727D7400DA9E51 /* Agave.xcdatamodel */;
			path = Agave.xcdatamodeld;
			sourceTree = "<group>";
			versionGroupType = wrapper.xcdatamodel;
		};
/* End XCVersionGroup section */
	};
	rootObject = 99B87E1721727D7300DA9E51 /* Project object */;
}
